
Microsoft Visual Studio Solution File, Format Version 12.00
# Visual Studio Version 17
VisualStudioVersion = 17.1.32228.430
MinimumVisualStudioVersion = 10.0.40219.1
Project("{9A19103F-16F7-4668-BE54-9A1E7A4F7556}") = "Catalog.Api", "Catalog.Api\Catalog.Api.csproj", "{ECEC4810-96AF-40B5-AAD8-FB25F076FDFF}"
EndProject
Project("{E53339B2-1760-4266-BCC7-CA923CBCF16C}") = "docker-compose", "docker-compose.dcproj", "{9CCAFA4B-BE8B-4BFD-855A-9CD7A4716EA0}"
EndProject
Global
	GlobalSection(SolutionConfigurationPlatforms) = preSolution
		Debug|Any CPU = Debug|Any CPU
		Release|Any CPU = Release|Any CPU
	EndGlobalSection
	GlobalSection(ProjectConfigurationPlatforms) = postSolution
		{ECEC4810-96AF-40B5-AAD8-FB25F076FDFF}.Debug|Any CPU.ActiveCfg = Debug|Any CPU
		{ECEC4810-96AF-40B5-AAD8-FB25F076FDFF}.Debug|Any CPU.Build.0 = Debug|Any CPU
		{ECEC4810-96AF-40B5-AAD8-FB25F076FDFF}.Release|Any CPU.ActiveCfg = Release|Any CPU
		{ECEC4810-96AF-40B5-AAD8-FB25F076FDFF}.Release|Any CPU.Build.0 = Release|Any CPU
		{9CCAFA4B-BE8B-4BFD-855A-9CD7A4716EA0}.Debug|Any CPU.ActiveCfg = Debug|Any CPU
		{9CCAFA4B-BE8B-4BFD-855A-9CD7A4716EA0}.Debug|Any CPU.Build.0 = Debug|Any CPU
		{9CCAFA4B-BE8B-4BFD-855A-9CD7A4716EA0}.Release|Any CPU.ActiveCfg = Release|Any CPU
		{9CCAFA4B-BE8B-4BFD-855A-9CD7A4716EA0}.Release|Any CPU.Build.0 = Release|Any CPU
	EndGlobalSection
	GlobalSection(SolutionProperties) = preSolution
		HideSolutionNode = FALSE
	EndGlobalSection
	GlobalSection(ExtensibilityGlobals) = postSolution
		SolutionGuid = {EBDAB6F9-6B9C-41A0-B48C-516063FA6189}
	EndGlobalSection
EndGlobal
